// !$*UTF8*$!
{
	archiveVersion = 1;
	classes = {
	};
	objectVersion = 46;
	objects = {

/* Begin PBXBuildFile section */
		694711EB1B331AB8002986C0 /* AppDelegate.swift in Sources */ = {isa = PBXBuildFile; fileRef = 694711EA1B331AB8002986C0 /* AppDelegate.swift */; };
		694711ED1B331AB8002986C0 /* Images.xcassets in Resources */ = {isa = PBXBuildFile; fileRef = 694711EC1B331AB8002986C0 /* Images.xcassets */; };
		694711F01B331AB8002986C0 /* MainMenu.xib in Resources */ = {isa = PBXBuildFile; fileRef = 694711EE1B331AB8002986C0 /* MainMenu.xib */; };
		694711FC1B331AB8002986C0 /* CheckMenuSwiftTests.swift in Sources */ = {isa = PBXBuildFile; fileRef = 694711FB1B331AB8002986C0 /* CheckMenuSwiftTests.swift */; };
/* End PBXBuildFile section */

/* Begin PBXContainerItemProxy section */
		694711F61B331AB8002986C0 /* PBXContainerItemProxy */ = {
			isa = PBXContainerItemProxy;
			containerPortal = 694711DD1B331AB8002986C0 /* Project object */;
			proxyType = 1;
			remoteGlobalIDString = 694711E41B331AB8002986C0;
			remoteInfo = CheckMenuSwift;
		};
/* End PBXContainerItemProxy section */

/* Begin PBXFileReference section */
		694711E51B331AB8002986C0 /* CheckMenuSwift.app */ = {isa = PBXFileReference; explicitFileType = wrapper.application; includeInIndex = 0; path = CheckMenuSwift.app; sourceTree = BUILT_PRODUCTS_DIR; };
		694711E91B331AB8002986C0 /* Info.plist */ = {isa = PBXFileReference; lastKnownFileType = text.plist.xml; path = Info.plist; sourceTree = "<group>"; };
		694711EA1B331AB8002986C0 /* AppDelegate.swift */ = {isa = PBXFileReference; lastKnownFileType = sourcecode.swift; path = AppDelegate.swift; sourceTree = "<group>"; };
		694711EC1B331AB8002986C0 /* Images.xcassets */ = {isa = PBXFileReference; lastKnownFileType = folder.assetcatalog; path = Images.xcassets; sourceTree = "<group>"; };
		694711EF1B331AB8002986C0 /* Base */ = {isa = PBXFileReference; lastKnownFileType = file.xib; name = Base; path = Base.lproj/MainMenu.xib; sourceTree = "<group>"; };
		694711F51B331AB8002986C0 /* CheckMenuSwiftTests.xctest */ = {isa = PBXFileReference; explicitFileType = wrapper.cfbundle; includeInIndex = 0; path = CheckMenuSwiftTests.xctest; sourceTree = BUILT_PRODUCTS_DIR; };
		694711FA1B331AB8002986C0 /* Info.plist */ = {isa = PBXFileReference; lastKnownFileType = text.plist.xml; path = Info.plist; sourceTree = "<group>"; };
		694711FB1B331AB8002986C0 /* CheckMenuSwiftTests.swift */ = {isa = PBXFileReference; lastKnownFileType = sourcecode.swift; path = CheckMenuSwiftTests.swift; sourceTree = "<group>"; };
/* End PBXFileReference section */

/* Begin PBXFrameworksBuildPhase section */
		694711E21B331AB8002986C0 /* Frameworks */ = {
			isa = PBXFrameworksBuildPhase;
			buildActionMask = 2147483647;
			files = (
			);
			runOnlyForDeploymentPostprocessing = 0;
		};
		694711F21B331AB8002986C0 /* Frameworks */ = {
			isa = PBXFrameworksBuildPhase;
			buildActionMask = 2147483647;
			files = (
			);
			runOnlyForDeploymentPostprocessing = 0;
		};
/* End PBXFrameworksBuildPhase section */

/* Begin PBXGroup section */
		694711DC1B331AB8002986C0 = {
			isa = PBXGroup;
			children = (
				694711E71B331AB8002986C0 /* CheckMenuSwift */,
				694711F81B331AB8002986C0 /* CheckMenuSwiftTests */,
				694711E61B331AB8002986C0 /* Products */,
			);
			sourceTree = "<group>";
		};
		694711E61B331AB8002986C0 /* Products */ = {
			isa = PBXGroup;
			children = (
				694711E51B331AB8002986C0 /* CheckMenuSwift.app */,
				694711F51B331AB8002986C0 /* CheckMenuSwiftTests.xctest */,
			);
			name = Products;
			sourceTree = "<group>";
		};
		694711E71B331AB8002986C0 /* CheckMenuSwift */ = {
			isa = PBXGroup;
			children = (
				694711EA1B331AB8002986C0 /* AppDelegate.swift */,
				694711EC1B331AB8002986C0 /* Images.xcassets */,
				694711EE1B331AB8002986C0 /* MainMenu.xib */,
				694711E81B331AB8002986C0 /* Supporting Files */,
			);
			path = CheckMenuSwift;
			sourceTree = "<group>";
		};
		694711E81B331AB8002986C0 /* Supporting Files */ = {
			isa = PBXGroup;
			children = (
				694711E91B331AB8002986C0 /* Info.plist */,
			);
			name = "Supporting Files";
			sourceTree = "<group>";
		};
		694711F81B331AB8002986C0 /* CheckMenuSwiftTests */ = {
			isa = PBXGroup;
			children = (
				694711FB1B331AB8002986C0 /* CheckMenuSwiftTests.swift */,
				694711F91B331AB8002986C0 /* Supporting Files */,
			);
			path = CheckMenuSwiftTests;
			sourceTree = "<group>";
		};
		694711F91B331AB8002986C0 /* Supporting Files */ = {
			isa = PBXGroup;
			children = (
				694711FA1B331AB8002986C0 /* Info.plist */,
			);
			name = "Supporting Files";
			sourceTree = "<group>";
		};
/* End PBXGroup section */

/* Begin PBXNativeTarget section */
		694711E41B331AB8002986C0 /* CheckMenuSwift */ = {
			isa = PBXNativeTarget;
			buildConfigurationList = 694711FF1B331AB8002986C0 /* Build configuration list for PBXNativeTarget "CheckMenuSwift" */;
			buildPhases = (
				694711E11B331AB8002986C0 /* Sources */,
				694711E21B331AB8002986C0 /* Frameworks */,
				694711E31B331AB8002986C0 /* Resources */,
			);
			buildRules = (
			);
			dependencies = (
			);
			name = CheckMenuSwift;
			productName = CheckMenuSwift;
			productReference = 694711E51B331AB8002986C0 /* CheckMenuSwift.app */;
			productType = "com.apple.product-type.application";
		};
		694711F41B331AB8002986C0 /* CheckMenuSwiftTests */ = {
			isa = PBXNativeTarget;
			buildConfigurationList = 694712021B331AB8002986C0 /* Build configuration list for PBXNativeTarget "CheckMenuSwiftTests" */;
			buildPhases = (
				694711F11B331AB8002986C0 /* Sources */,
				694711F21B331AB8002986C0 /* Frameworks */,
				694711F31B331AB8002986C0 /* Resources */,
			);
			buildRules = (
			);
			dependencies = (
				694711F71B331AB8002986C0 /* PBXTargetDependency */,
			);
			name = CheckMenuSwiftTests;
			productName = CheckMenuSwiftTests;
			productReference = 694711F51B331AB8002986C0 /* CheckMenuSwiftTests.xctest */;
			productType = "com.apple.product-type.bundle.unit-test";
		};
/* End PBXNativeTarget section */

/* Begin PBXProject section */
		694711DD1B331AB8002986C0 /* Project object */ = {
			isa = PBXProject;
			attributes = {
				LastUpgradeCheck = 0630;
				ORGANIZATIONNAME = "Illia Akhaiev";
				TargetAttributes = {
					694711E41B331AB8002986C0 = {
						CreatedOnToolsVersion = 6.3.2;
					};
					694711F41B331AB8002986C0 = {
						CreatedOnToolsVersion = 6.3.2;
						TestTargetID = 694711E41B331AB8002986C0;
					};
				};
			};
			buildConfigurationList = 694711E01B331AB8002986C0 /* Build configuration list for PBXProject "CheckMenuSwift" */;
			compatibilityVersion = "Xcode 3.2";
			developmentRegion = English;
			hasScannedForEncodings = 0;
			knownRegions = (
				en,
				Base,
			);
			mainGroup = 694711DC1B331AB8002986C0;
			productRefGroup = 694711E61B331AB8002986C0 /* Products */;
			projectDirPath = "";
			projectRoot = "";
			targets = (
				694711E41B331AB8002986C0 /* CheckMenuSwift */,
				694711F41B331AB8002986C0 /* CheckMenuSwiftTests */,
			);
		};
/* End PBXProject section */

/* Begin PBXResourcesBuildPhase section */
		694711E31B331AB8002986C0 /* Resources */ = {
			isa = PBXResourcesBuildPhase;
			buildActionMask = 2147483647;
			files = (
				694711ED1B331AB8002986C0 /* Images.xcassets in Resources */,
				694711F01B331AB8002986C0 /* MainMenu.xib in Resources */,
			);
			runOnlyForDeploymentPostprocessing = 0;
		};
		694711F31B331AB8002986C0 /* Resources */ = {
			isa = PBXResourcesBuildPhase;
			buildActionMask = 2147483647;
			files = (
			);
			runOnlyForDeploymentPostprocessing = 0;
		};
/* End PBXResourcesBuildPhase section */

/* Begin PBXSourcesBuildPhase section */
		694711E11B331AB8002986C0 /* Sources */ = {
			isa = PBXSourcesBuildPhase;
			buildActionMask = 2147483647;
			files = (
				694711EB1B331AB8002986C0 /* AppDelegate.swift in Sources */,
			);
			runOnlyForDeploymentPostprocessing = 0;
		};
		694711F11B331AB8002986C0 /* Sources */ = {
			isa = PBXSourcesBuildPhase;
			buildActionMask = 2147483647;
			files = (
				694711FC1B331AB8002986C0 /* CheckMenuSwiftTests.swift in Sources */,
			);
			runOnlyForDeploymentPostprocessing = 0;
		};
/* End PBXSourcesBuildPhase section */

/* Begin PBXTargetDependency section */
		694711F71B331AB8002986C0 /* PBXTargetDependency */ = {
			isa = PBXTargetDependency;
			target = 694711E41B331AB8002986C0 /* CheckMenuSwift */;
			targetProxy = 694711F61B331AB8002986C0 /* PBXContainerItemProxy */;
		};
/* End PBXTargetDependency section */

/* Begin PBXVariantGroup section */
		694711EE1B331AB8002986C0 /* MainMenu.xib */ = {
			isa = PBXVariantGroup;
			children = (
				694711EF1B331AB8002986C0 /* Base */,
			);
			name = MainMenu.xib;
			sourceTree = "<group>";
		};
/* End PBXVariantGroup section */

/* Begin XCBuildConfiguration section */
		694711FD1B331AB8002986C0 /* Debug */ = {
			isa = XCBuildConfiguration;
			buildSettings = {
				ALWAYS_SEARCH_USER_PATHS = NO;
				CLANG_CXX_LANGUAGE_STANDARD = "gnu++0x";
				CLANG_CXX_LIBRARY = "libc++";
				CLANG_ENABLE_MODULES = YES;
				CLANG_ENABLE_OBJC_ARC = YES;
				CLANG_WARN_BOOL_CONVERSION = YES;
				CLANG_WARN_CONSTANT_CONVERSION = YES;
				CLANG_WARN_DIRECT_OBJC_ISA_USAGE = YES_ERROR;
				CLANG_WARN_EMPTY_BODY = YES;
				CLANG_WARN_ENUM_CONVERSION = YES;
				CLANG_WARN_INT_CONVERSION = YES;
				CLANG_WARN_OBJC_ROOT_CLASS = YES_ERROR;
				CLANG_WARN_UNREACHABLE_CODE = YES;
				CLANG_WARN__DUPLICATE_METHOD_MATCH = YES;
				CODE_SIGN_IDENTITY = "-";
				COPY_PHASE_STRIP = NO;
				DEBUG_INFORMATION_FORMAT = dwarf;
				ENABLE_STRICT_OBJC_MSGSEND = YES;
				GCC_C_LANGUAGE_STANDARD = gnu99;
				GCC_DYNAMIC_NO_PIC = NO;
				GCC_NO_COMMON_BLOCKS = YES;
				GCC_OPTIMIZATION_LEVEL = 0;
				GCC_PREPROCESSOR_DEFINITIONS = (
					"DEBUG=1",
					"$(inherited)",
				);
				GCC_SYMBOLS_PRIVATE_EXTERN = NO;
				GCC_WARN_64_TO_32_BIT_CONVERSION = YES;
				GCC_WARN_ABOUT_RETURN_TYPE = YES_ERROR;
				GCC_WARN_UNDECLARED_SELECTOR = YES;
				GCC_WARN_UNINITIALIZED_AUTOS = YES_AGGRESSIVE;
				GCC_WARN_UNUSED_FUNCTION = YES;
				GCC_WARN_UNUSED_VARIABLE = YES;
				MACOSX_DEPLOYMENT_TARGET = 10.10;
				MTL_ENABLE_DEBUG_INFO = YES;
				ONLY_ACTIVE_ARCH = YES;
				SDKROOT = macosx;
				SWIFT_OPTIMIZATION_LEVEL = "-Onone";
			};
			name = Debug;
		};
		694711FE1B331AB8002986C0 /* Release */ = {
			isa = XCBuildConfiguration;
			buildSettings = {
				ALWAYS_SEARCH_USER_PATHS = NO;
				CLANG_CXX_LANGUAGE_STANDARD = "gnu++0x";
				CLANG_CXX_LIBRARY = "libc++";
				CLANG_ENABLE_MODULES = YES;
				CLANG_ENABLE_OBJC_ARC = YES;
				CLANG_WARN_BOOL_CONVERSION = YES;
				CLANG_WARN_CONSTANT_CONVERSION = YES;
				CLANG_WARN_DIRECT_OBJC_ISA_USAGE = YES_ERROR;
				CLANG_WARN_EMPTY_BODY = YES;
				CLANG_WARN_ENUM_CONVERSION = YES;
				CLANG_WARN_INT_CONVERSION = YES;
				CLANG_WARN_OBJC_ROOT_CLASS = YES_ERROR;
				CLANG_WARN_UNREACHABLE_CODE = YES;
				CLANG_WARN__DUPLICATE_METHOD_MATCH = YES;
				CODE_SIGN_IDENTITY = "-";
				COPY_PHASE_STRIP = NO;
				DEBUG_INFORMATION_FORMAT = "dwarf-with-dsym";
				ENABLE_NS_ASSERTIONS = NO;
				ENABLE_STRICT_OBJC_MSGSEND = YES;
				GCC_C_LANGUAGE_STANDARD = gnu99;
				GCC_NO_COMMON_BLOCKS = YES;
				GCC_WARN_64_TO_32_BIT_CONVERSION = YES;
				GCC_WARN_ABOUT_RETURN_TYPE = YES_ERROR;
				GCC_WARN_UNDECLARED_SELECTOR = YES;
				GCC_WARN_UNINITIALIZED_AUTOS = YES_AGGRESSIVE;
				GCC_WARN_UNUSED_FUNCTION = YES;
				GCC_WARN_UNUSED_VARIABLE = YES;
				MACOSX_DEPLOYMENT_TARGET = 10.10;
				MTL_ENABLE_DEBUG_INFO = NO;
				SDKROOT = macosx;
			};
			name = Release;
		};
		694712001B331AB8002986C0 /* Debug */ = {
			isa = XCBuildConfiguration;
			buildSettings = {
				ASSETCATALOG_COMPILER_APPICON_NAME = AppIcon;
				COMBINE_HIDPI_IMAGES = YES;
				INFOPLIST_FILE = CheckMenuSwift/Info.plist;
				LD_RUNPATH_SEARCH_PATHS = "$(inherited) @executable_path/../Frameworks";
				PRODUCT_NAME = "$(TARGET_NAME)";
			};
			name = Debug;
		};
		694712011B331AB8002986C0 /* Release */ = {
			isa = XCBuildConfiguration;
			buildSettings = {
				ASSETCATALOG_COMPILER_APPICON_NAME = AppIcon;
				COMBINE_HIDPI_IMAGES = YES;
				INFOPLIST_FILE = CheckMenuSwift/Info.plist;
				LD_RUNPATH_SEARCH_PATHS = "$(inherited) @executable_path/../Frameworks";
				PRODUCT_NAME = "$(TARGET_NAME)";
			};
			name = Release;
		};
		694712031B331AB8002986C0 /* Debug */ = {
			isa = XCBuildConfiguration;
			buildSettings = {
				BUNDLE_LOADER = "$(TEST_HOST)";
				COMBINE_HIDPI_IMAGES = YES;
				FRAMEWORK_SEARCH_PATHS = (
					"$(DEVELOPER_FRAMEWORKS_DIR)",
					"$(inherited)",
				);
				GCC_PREPROCESSOR_DEFINITIONS = (
					"DEBUG=1",
					"$(inherited)",
				);
				INFOPLIST_FILE = CheckMenuSwiftTests/Info.plist;
				LD_RUNPATH_SEARCH_PATHS = "$(inherited) @executable_path/../Frameworks @loader_path/../Frameworks";
				PRODUCT_NAME = "$(TARGET_NAME)";
				TEST_HOST = "$(BUILT_PRODUCTS_DIR)/CheckMenuSwift.app/Contents/MacOS/CheckMenuSwift";
			};
			name = Debug;
		};
		694712041B331AB8002986C0 /* Release */ = {
			isa = XCBuildConfiguration;
			buildSettings = {
				BUNDLE_LOADER = "$(TEST_HOST)";
				COMBINE_HIDPI_IMAGES = YES;
				FRAMEWORK_SEARCH_PATHS = (
					"$(DEVELOPER_FRAMEWORKS_DIR)",
					"$(inherited)",
				);
				INFOPLIST_FILE = CheckMenuSwiftTests/Info.plist;
				LD_RUNPATH_SEARCH_PATHS = "$(inherited) @executable_path/../Frameworks @loader_path/../Frameworks";
				PRODUCT_NAME = "$(TARGET_NAME)";
				TEST_HOST = "$(BUILT_PRODUCTS_DIR)/CheckMenuSwift.app/Contents/MacOS/CheckMenuSwift";
			};
			name = Release;
		};
/* End XCBuildConfiguration section */

/* Begin XCConfigurationList section */
		694711E01B331AB8002986C0 /* Build configuration list for PBXProject "CheckMenuSwift" */ = {
			isa = XCConfigurationList;
			buildConfigurations = (
				694711FD1B331AB8002986C0 /* Debug */,
				694711FE1B331AB8002986C0 /* Release */,
			);
			defaultConfigurationIsVisible = 0;
			defaultConfigurationName = Release;
		};
		694711FF1B331AB8002986C0 /* Build configuration list for PBXNativeTarget "CheckMenuSwift" */ = {
			isa = XCConfigurationList;
			buildConfigurations = (
				694712001B331AB8002986C0 /* Debug */,
				694712011B331AB8002986C0 /* Release */,
			);
			defaultConfigurationIsVisible = 0;
		};
		694712021B331AB8002986C0 /* Build configuration list for PBXNativeTarget "CheckMenuSwiftTests" */ = {
			isa = XCConfigurationList;
			buildConfigurations = (
				694712031B331AB8002986C0 /* Debug */,
				694712041B331AB8002986C0 /* Release */,
			);
			defaultConfigurationIsVisible = 0;
		};
/* End XCConfigurationList section */
	};
	rootObject = 694711DD1B331AB8002986C0 /* Project object */;
}
